
Microsoft Visual Studio Solution File, Format Version 12.00
# Visual Studio 15
VisualStudioVersion = 15.0.28307.168
MinimumVisualStudioVersion = 10.0.40219.1
Project("{9A19103F-16F7-4668-BE54-9A1E7A4F7556}") = "MongoStructure", "MongoStructure\MongoStructure.csproj", "{3377E86B-D886-4ABA-BF61-D18A7EEB771E}"
EndProject
Project("{9A19103F-16F7-4668-BE54-9A1E7A4F7556}") = "MongoPresistence", "MongoPresistence\MongoPresistence.csproj", "{D0E52F20-69D5-4E77-9249-E84676FBE49E}"
EndProject
Project("{9A19103F-16F7-4668-BE54-9A1E7A4F7556}") = "MongoRepository", "MongoRepository\MongoRepository.csproj", "{3E0A129E-1625-4C6D-87F2-491114737D95}"
EndProject
Project("{9A19103F-16F7-4668-BE54-9A1E7A4F7556}") = "MongoDomain", "MongoDomain\MongoDomain.csproj", "{A1A3800F-C64D-420D-8ACB-B005BB692DFA}"
EndProject
Project("{FAE04EC0-301F-11D3-BF4B-00C04F79EFBC}") = "MongoBussiness", "MongoBussiness\MongoBussiness.csproj", "{54A958E8-F2A9-4E31-9006-B4A2AC4C0A93}"
EndProject
Global
	GlobalSection(SolutionConfigurationPlatforms) = preSolution
		Debug|Any CPU = Debug|Any CPU
		Release|Any CPU = Release|Any CPU
	EndGlobalSection
	GlobalSection(ProjectConfigurationPlatforms) = postSolution
		{3377E86B-D886-4ABA-BF61-D18A7EEB771E}.Debug|Any CPU.ActiveCfg = Debug|Any CPU
		{3377E86B-D886-4ABA-BF61-D18A7EEB771E}.Debug|Any CPU.Build.0 = Debug|Any CPU
		{3377E86B-D886-4ABA-BF61-D18A7EEB771E}.Release|Any CPU.ActiveCfg = Release|Any CPU
		{3377E86B-D886-4ABA-BF61-D18A7EEB771E}.Release|Any CPU.Build.0 = Release|Any CPU
		{D0E52F20-69D5-4E77-9249-E84676FBE49E}.Debug|Any CPU.ActiveCfg = Debug|Any CPU
		{D0E52F20-69D5-4E77-9249-E84676FBE49E}.Debug|Any CPU.Build.0 = Debug|Any CPU
		{D0E52F20-69D5-4E77-9249-E84676FBE49E}.Release|Any CPU.ActiveCfg = Release|Any CPU
		{D0E52F20-69D5-4E77-9249-E84676FBE49E}.Release|Any CPU.Build.0 = Release|Any CPU
		{3E0A129E-1625-4C6D-87F2-491114737D95}.Debug|Any CPU.ActiveCfg = Debug|Any CPU
		{3E0A129E-1625-4C6D-87F2-491114737D95}.Debug|Any CPU.Build.0 = Debug|Any CPU
		{3E0A129E-1625-4C6D-87F2-491114737D95}.Release|Any CPU.ActiveCfg = Release|Any CPU
		{3E0A129E-1625-4C6D-87F2-491114737D95}.Release|Any CPU.Build.0 = Release|Any CPU
		{A1A3800F-C64D-420D-8ACB-B005BB692DFA}.Debug|Any CPU.ActiveCfg = Debug|Any CPU
		{A1A3800F-C64D-420D-8ACB-B005BB692DFA}.Debug|Any CPU.Build.0 = Debug|Any CPU
		{A1A3800F-C64D-420D-8ACB-B005BB692DFA}.Release|Any CPU.ActiveCfg = Release|Any CPU
		{A1A3800F-C64D-420D-8ACB-B005BB692DFA}.Release|Any CPU.Build.0 = Release|Any CPU
		{54A958E8-F2A9-4E31-9006-B4A2AC4C0A93}.Debug|Any CPU.ActiveCfg = Debug|Any CPU
		{54A958E8-F2A9-4E31-9006-B4A2AC4C0A93}.Debug|Any CPU.Build.0 = Debug|Any CPU
		{54A958E8-F2A9-4E31-9006-B4A2AC4C0A93}.Release|Any CPU.ActiveCfg = Release|Any CPU
		{54A958E8-F2A9-4E31-9006-B4A2AC4C0A93}.Release|Any CPU.Build.0 = Release|Any CPU
	EndGlobalSection
	GlobalSection(SolutionProperties) = preSolution
		HideSolutionNode = FALSE
	EndGlobalSection
	GlobalSection(ExtensibilityGlobals) = postSolution
		SolutionGuid = {2148D6CA-029A-44E6-8095-74910CB954DF}
	EndGlobalSection
EndGlobal
